
Microsoft Visual Studio Solution File, Format Version 12.00
# Visual Studio Version 17
VisualStudioVersion = 17.4.33213.308
MinimumVisualStudioVersion = 10.0.40219.1
Project("{FAE04EC0-301F-11D3-BF4B-00C04F79EFBC}") = "Payment_ZainCash", "Payment_ZainCash\Payment_ZainCash.csproj", "{ED5E2DE7-CE2F-4D5A-B248-BA9F08CB5F12}"
EndProject
Global
	GlobalSection(SolutionConfigurationPlatforms) = preSolution
		Debug|Any CPU = Debug|Any CPU
		Release|Any CPU = Release|Any CPU
	EndGlobalSection
	GlobalSection(ProjectConfigurationPlatforms) = postSolution
		{ED5E2DE7-CE2F-4D5A-B248-BA9F08CB5F12}.Debug|Any CPU.ActiveCfg = Debug|Any CPU
		{ED5E2DE7-CE2F-4D5A-B248-BA9F08CB5F12}.Debug|Any CPU.Build.0 = Debug|Any CPU
		{ED5E2DE7-CE2F-4D5A-B248-BA9F08CB5F12}.Release|Any CPU.ActiveCfg = Release|Any CPU
		{ED5E2DE7-CE2F-4D5A-B248-BA9F08CB5F12}.Release|Any CPU.Build.0 = Release|Any CPU
	EndGlobalSection
	GlobalSection(SolutionProperties) = preSolution
		HideSolutionNode = FALSE
	EndGlobalSection
	GlobalSection(ExtensibilityGlobals) = postSolution
		SolutionGuid = {E0A4E045-B6AE-4252-A2ED-A11686BB71D8}
	EndGlobalSection
EndGlobal
